
Microsoft Visual Studio Solution File, Format Version 12.00
# Visual Studio 15
VisualStudioVersion = 15.0.26124.0
MinimumVisualStudioVersion = 15.0.26124.0
Project("{FAE04EC0-301F-11D3-BF4B-00C04F79EFBC}") = "ToDo.Api", "todo.api\todo.api.csproj", "{355AD256-0344-41E6-9B94-6E63DF31D5AF}"
EndProject
Project("{FAE04EC0-301F-11D3-BF4B-00C04F79EFBC}") = "ToDo.Api.Persistence", "todo.api.persistence\todo.api.persistence.csproj", "{A976DBC1-7418-47FC-B507-6B1E8F433FA9}"
EndProject
Global
	GlobalSection(SolutionConfigurationPlatforms) = preSolution
		Debug|Any CPU = Debug|Any CPU
		Debug|x64 = Debug|x64
		Debug|x86 = Debug|x86
		Release|Any CPU = Release|Any CPU
		Release|x64 = Release|x64
		Release|x86 = Release|x86
	EndGlobalSection
	GlobalSection(SolutionProperties) = preSolution
		HideSolutionNode = FALSE
	EndGlobalSection
	GlobalSection(ProjectConfigurationPlatforms) = postSolution
		{355AD256-0344-41E6-9B94-6E63DF31D5AF}.Debug|Any CPU.ActiveCfg = Debug|Any CPU
		{355AD256-0344-41E6-9B94-6E63DF31D5AF}.Debug|Any CPU.Build.0 = Debug|Any CPU
		{355AD256-0344-41E6-9B94-6E63DF31D5AF}.Debug|x64.ActiveCfg = Debug|Any CPU
		{355AD256-0344-41E6-9B94-6E63DF31D5AF}.Debug|x64.Build.0 = Debug|Any CPU
		{355AD256-0344-41E6-9B94-6E63DF31D5AF}.Debug|x86.ActiveCfg = Debug|Any CPU
		{355AD256-0344-41E6-9B94-6E63DF31D5AF}.Debug|x86.Build.0 = Debug|Any CPU
		{355AD256-0344-41E6-9B94-6E63DF31D5AF}.Release|Any CPU.ActiveCfg = Release|Any CPU
		{355AD256-0344-41E6-9B94-6E63DF31D5AF}.Release|Any CPU.Build.0 = Release|Any CPU
		{355AD256-0344-41E6-9B94-6E63DF31D5AF}.Release|x64.ActiveCfg = Release|Any CPU
		{355AD256-0344-41E6-9B94-6E63DF31D5AF}.Release|x64.Build.0 = Release|Any CPU
		{355AD256-0344-41E6-9B94-6E63DF31D5AF}.Release|x86.ActiveCfg = Release|Any CPU
		{355AD256-0344-41E6-9B94-6E63DF31D5AF}.Release|x86.Build.0 = Release|Any CPU
		{A976DBC1-7418-47FC-B507-6B1E8F433FA9}.Debug|Any CPU.ActiveCfg = Debug|Any CPU
		{A976DBC1-7418-47FC-B507-6B1E8F433FA9}.Debug|Any CPU.Build.0 = Debug|Any CPU
		{A976DBC1-7418-47FC-B507-6B1E8F433FA9}.Debug|x64.ActiveCfg = Debug|Any CPU
		{A976DBC1-7418-47FC-B507-6B1E8F433FA9}.Debug|x64.Build.0 = Debug|Any CPU
		{A976DBC1-7418-47FC-B507-6B1E8F433FA9}.Debug|x86.ActiveCfg = Debug|Any CPU
		{A976DBC1-7418-47FC-B507-6B1E8F433FA9}.Debug|x86.Build.0 = Debug|Any CPU
		{A976DBC1-7418-47FC-B507-6B1E8F433FA9}.Release|Any CPU.ActiveCfg = Release|Any CPU
		{A976DBC1-7418-47FC-B507-6B1E8F433FA9}.Release|Any CPU.Build.0 = Release|Any CPU
		{A976DBC1-7418-47FC-B507-6B1E8F433FA9}.Release|x64.ActiveCfg = Release|Any CPU
		{A976DBC1-7418-47FC-B507-6B1E8F433FA9}.Release|x64.Build.0 = Release|Any CPU
		{A976DBC1-7418-47FC-B507-6B1E8F433FA9}.Release|x86.ActiveCfg = Release|Any CPU
		{A976DBC1-7418-47FC-B507-6B1E8F433FA9}.Release|x86.Build.0 = Release|Any CPU
	EndGlobalSection
EndGlobal
